Microsoft Visual Studio Solution File, Format Version 12.00
# Visual Studio Version 17
VisualStudioVersion = 17.5.2.0
MinimumVisualStudioVersion = 10.0.40219.1
Project("{FAE04EC0-301F-11D3-BF4B-00C04F79EFBC}") = "IntegrationBsaleSap", "IntegrationBsaleSap.csproj", "{84FEF420-7FFF-225E-F561-73A298A7CAEE}"
EndProject
Global
	GlobalSection(SolutionConfigurationPlatforms) = preSolution
		Debug|Any CPU = Debug|Any CPU
		Release|Any CPU = Release|Any CPU
	EndGlobalSection
	GlobalSection(ProjectConfigurationPlatforms) = postSolution
		{84FEF420-7FFF-225E-F561-73A298A7CAEE}.Debug|Any CPU.ActiveCfg = Debug|Any CPU
		{84FEF420-7FFF-225E-F561-73A298A7CAEE}.Debug|Any CPU.Build.0 = Debug|Any CPU
		{84FEF420-7FFF-225E-F561-73A298A7CAEE}.Release|Any CPU.ActiveCfg = Release|Any CPU
		{84FEF420-7FFF-225E-F561-73A298A7CAEE}.Release|Any CPU.Build.0 = Release|Any CPU
	EndGlobalSection
	GlobalSection(SolutionProperties) = preSolution
		HideSolutionNode = FALSE
	EndGlobalSection
	GlobalSection(ExtensibilityGlobals) = postSolution
		SolutionGuid = {29888DB4-BD26-435D-86BE-D4EA70C16A07}
	EndGlobalSection
EndGlobal
